
Microsoft Visual Studio Solution File, Format Version 12.00
# Visual Studio Version 16
VisualStudioVersion = 16.0.30204.135
MinimumVisualStudioVersion = 10.0.40219.1
Project("{FAE04EC0-301F-11D3-BF4B-00C04F79EFBC}") = "CitasBaack", "CitasBaack.csproj", "{2566C122-1DBC-44D6-8A96-9FCF9ED051CF}"
EndProject
Project("{FAE04EC0-301F-11D3-BF4B-00C04F79EFBC}") = "ModelosCitas", "..\ModelosCitas\ModelosCitas.csproj", "{4575B968-3E49-46CC-A244-47E7842293D0}"
EndProject
Global
	GlobalSection(SolutionConfigurationPlatforms) = preSolution
		Debug|Any CPU = Debug|Any CPU
		Release|Any CPU = Release|Any CPU
	EndGlobalSection
	GlobalSection(ProjectConfigurationPlatforms) = postSolution
		{2566C122-1DBC-44D6-8A96-9FCF9ED051CF}.Debug|Any CPU.ActiveCfg = Debug|Any CPU
		{2566C122-1DBC-44D6-8A96-9FCF9ED051CF}.Debug|Any CPU.Build.0 = Debug|Any CPU
		{2566C122-1DBC-44D6-8A96-9FCF9ED051CF}.Release|Any CPU.ActiveCfg = Release|Any CPU
		{2566C122-1DBC-44D6-8A96-9FCF9ED051CF}.Release|Any CPU.Build.0 = Release|Any CPU
		{4575B968-3E49-46CC-A244-47E7842293D0}.Debug|Any CPU.ActiveCfg = Debug|Any CPU
		{4575B968-3E49-46CC-A244-47E7842293D0}.Debug|Any CPU.Build.0 = Debug|Any CPU
		{4575B968-3E49-46CC-A244-47E7842293D0}.Release|Any CPU.ActiveCfg = Release|Any CPU
		{4575B968-3E49-46CC-A244-47E7842293D0}.Release|Any CPU.Build.0 = Release|Any CPU
	EndGlobalSection
	GlobalSection(SolutionProperties) = preSolution
		HideSolutionNode = FALSE
	EndGlobalSection
	GlobalSection(ExtensibilityGlobals) = postSolution
		SolutionGuid = {574CF395-818A-4B5F-99C0-28B3AD5F4D19}
	EndGlobalSection
EndGlobal
